
Microsoft Visual Studio Solution File, Format Version 12.00
# Visual Studio Version 17
VisualStudioVersion = 17.5.33627.172
MinimumVisualStudioVersion = 10.0.40219.1
Project("{FAE04EC0-301F-11D3-BF4B-00C04F79EFBC}") = "Prueba_Colegio", "Prueba_Colegio\Prueba_Colegio.csproj", "{0D88876C-4BFE-4D94-B33E-31FE22B77013}"
EndProject
Project("{FAE04EC0-301F-11D3-BF4B-00C04F79EFBC}") = "Prueba_Colegio_Datos", "Prueba_Colegio_Datos\Prueba_Colegio_Datos.csproj", "{C236DE96-EAE5-4611-B590-F75255C9715F}"
EndProject
Project("{FAE04EC0-301F-11D3-BF4B-00C04F79EFBC}") = "Prueba_Colegio_Entidades", "Prueba_Colegio_Entidades\Prueba_Colegio_Entidades.csproj", "{984B6FC3-A021-4AC8-A5C5-A6CAC9815C0A}"
EndProject
Project("{FAE04EC0-301F-11D3-BF4B-00C04F79EFBC}") = "Prueba_Colegio_BL", "Prueba_Colegio_BL\Prueba_Colegio_BL.csproj", "{1D064438-DD4B-45F0-968B-37C51BB59751}"
EndProject
Global
	GlobalSection(SolutionConfigurationPlatforms) = preSolution
		Debug|Any CPU = Debug|Any CPU
		Release|Any CPU = Release|Any CPU
	EndGlobalSection
	GlobalSection(ProjectConfigurationPlatforms) = postSolution
		{0D88876C-4BFE-4D94-B33E-31FE22B77013}.Debug|Any CPU.ActiveCfg = Debug|Any CPU
		{0D88876C-4BFE-4D94-B33E-31FE22B77013}.Debug|Any CPU.Build.0 = Debug|Any CPU
		{0D88876C-4BFE-4D94-B33E-31FE22B77013}.Release|Any CPU.ActiveCfg = Release|Any CPU
		{0D88876C-4BFE-4D94-B33E-31FE22B77013}.Release|Any CPU.Build.0 = Release|Any CPU
		{C236DE96-EAE5-4611-B590-F75255C9715F}.Debug|Any CPU.ActiveCfg = Debug|Any CPU
		{C236DE96-EAE5-4611-B590-F75255C9715F}.Debug|Any CPU.Build.0 = Debug|Any CPU
		{C236DE96-EAE5-4611-B590-F75255C9715F}.Release|Any CPU.ActiveCfg = Release|Any CPU
		{C236DE96-EAE5-4611-B590-F75255C9715F}.Release|Any CPU.Build.0 = Release|Any CPU
		{984B6FC3-A021-4AC8-A5C5-A6CAC9815C0A}.Debug|Any CPU.ActiveCfg = Debug|Any CPU
		{984B6FC3-A021-4AC8-A5C5-A6CAC9815C0A}.Debug|Any CPU.Build.0 = Debug|Any CPU
		{984B6FC3-A021-4AC8-A5C5-A6CAC9815C0A}.Release|Any CPU.ActiveCfg = Release|Any CPU
		{984B6FC3-A021-4AC8-A5C5-A6CAC9815C0A}.Release|Any CPU.Build.0 = Release|Any CPU
		{1D064438-DD4B-45F0-968B-37C51BB59751}.Debug|Any CPU.ActiveCfg = Debug|Any CPU
		{1D064438-DD4B-45F0-968B-37C51BB59751}.Debug|Any CPU.Build.0 = Debug|Any CPU
		{1D064438-DD4B-45F0-968B-37C51BB59751}.Release|Any CPU.ActiveCfg = Release|Any CPU
		{1D064438-DD4B-45F0-968B-37C51BB59751}.Release|Any CPU.Build.0 = Release|Any CPU
	EndGlobalSection
	GlobalSection(SolutionProperties) = preSolution
		HideSolutionNode = FALSE
	EndGlobalSection
	GlobalSection(ExtensibilityGlobals) = postSolution
		SolutionGuid = {05DC3011-7E85-474D-B384-10D86A9F6CDA}
	EndGlobalSection
EndGlobal
